
Microsoft Visual Studio Solution File, Format Version 12.00
# Visual Studio 15
VisualStudioVersion = 15.0.28010.2046
MinimumVisualStudioVersion = 10.0.40219.1
Project("{FAE04EC0-301F-11D3-BF4B-00C04F79EFBC}") = "ApocalypseRPGv1", "ApocalypseRPGv1\ApocalypseRPGv1.csproj", "{337300F1-BF0A-47B5-BE8C-C0ECBDA7073D}"
EndProject
Global
	GlobalSection(SolutionConfigurationPlatforms) = preSolution
		Debug|Any CPU = Debug|Any CPU
		Release|Any CPU = Release|Any CPU
	EndGlobalSection
	GlobalSection(ProjectConfigurationPlatforms) = postSolution
		{337300F1-BF0A-47B5-BE8C-C0ECBDA7073D}.Debug|Any CPU.ActiveCfg = Debug|Any CPU
		{337300F1-BF0A-47B5-BE8C-C0ECBDA7073D}.Debug|Any CPU.Build.0 = Debug|Any CPU
		{337300F1-BF0A-47B5-BE8C-C0ECBDA7073D}.Release|Any CPU.ActiveCfg = Release|Any CPU
		{337300F1-BF0A-47B5-BE8C-C0ECBDA7073D}.Release|Any CPU.Build.0 = Release|Any CPU
	EndGlobalSection
	GlobalSection(SolutionProperties) = preSolution
		HideSolutionNode = FALSE
	EndGlobalSection
	GlobalSection(ExtensibilityGlobals) = postSolution
		SolutionGuid = {1F05DC6F-BD9E-4E75-9C14-5A9E9B073173}
	EndGlobalSection
EndGlobal
